# Generated by pub
# See https://www.dartlang.org/tools/pub/glossary#lockfile
packages:
  dk_byte_data:
    dependency: "direct main"
    description:
      path: "."
      ref: HEAD
      resolved-ref: "4b908bfe5db04fe2fdfc75ecb399a5bfe3680a31"
      url: "https://github.com/TheKeenProgrammer/DKByteData.git"
    source: git
    version: "1.0.0"
sdks:
  dart: ">=2.0.0-dev.28.0 <3.0.0"
